# This file is automatically @generated by Poetry 1.8.4 and should not be changed by hand.

[[package]]
name = "asyncio"
version = "3.4.3"
description = "reference implementation of PEP 3156"
optional = false
python-versions = "*"
files = [
    {file = "asyncio-3.4.3-cp33-none-win32.whl", hash = "sha256:b62c9157d36187eca799c378e572c969f0da87cd5fc42ca372d92cdb06e7e1de"},
    {file = "asyncio-3.4.3-cp33-none-win_amd64.whl", hash = "sha256:c46a87b48213d7464f22d9a497b9eef8c1928b68320a2fa94240f969f6fec08c"},
    {file = "asyncio-3.4.3-py3-none-any.whl", hash = "sha256:c4d18b22701821de07bd6aea8b53d21449ec0ec5680645e5317062ea21817d2d"},
    {file = "asyncio-3.4.3.tar.gz", hash = "sha256:83360ff8bc97980e4ff25c964c7bd3923d333d177aa4f7fb736b019f26c7cb41"},
]

[[package]]
name = "atomicwrites"
version = "1.4.1"
description = "Atomic file writes."
optional = false
python-versions = ">=2.7, !=3.0.*, !=3.1.*, !=3.2.*, !=3.3.*"
files = [
    {file = "atomicwrites-1.4.1.tar.gz", hash = "sha256:81b2c9071a49367a7f770170e5eec8cb66567cfbbc8c73d20ce5ca4a8d71cf11"},
]

[[package]]
name = "attrs"
version = "24.2.0"
description = "Classes Without Boilerplate"
optional = false
python-versions = ">=3.7"
files = [
    {file = "attrs-24.2.0-py3-none-any.whl", hash = "sha256:81921eb96de3191c8258c199618104dd27ac608d9366f5e35d011eae1867ede2"},
    {file = "attrs-24.2.0.tar.gz", hash = "sha256:5cfb1b9148b5b086569baec03f20d7b6bf3bcacc9a42bebf87ffaaca362f6346"},
]

[package.extras]
benchmark = ["cloudpickle", "hypothesis", "mypy (>=1.11.1)", "pympler", "pytest (>=4.3.0)", "pytest-codspeed", "pytest-mypy-plugins", "pytest-xdist[psutil]"]
cov = ["cloudpickle", "coverage[toml] (>=5.3)", "hypothesis", "mypy (>=1.11.1)", "pympler", "pytest (>=4.3.0)", "pytest-mypy-plugins", "pytest-xdist[psutil]"]
dev = ["cloudpickle", "hypothesis", "mypy (>=1.11.1)", "pre-commit", "pympler", "pytest (>=4.3.0)", "pytest-mypy-plugins", "pytest-xdist[psutil]"]
docs = ["cogapp", "furo", "myst-parser", "sphinx", "sphinx-notfound-page", "sphinxcontrib-towncrier", "towncrier (<24.7)"]
tests = ["cloudpickle", "hypothesis", "mypy (>=1.11.1)", "pympler", "pytest (>=4.3.0)", "pytest-mypy-plugins", "pytest-xdist[psutil]"]
tests-mypy = ["mypy (>=1.11.1)", "pytest-mypy-plugins"]

[[package]]
name = "colorama"
version = "0.4.6"
description = "Cross-platform colored terminal text."
optional = false
python-versions = "!=3.0.*,!=3.1.*,!=3.2.*,!=3.3.*,!=3.4.*,!=3.5.*,!=3.6.*,>=2.7"
files = [
    {file = "colorama-0.4.6-py2.py3-none-any.whl", hash = "sha256:4f1d9991f5acc0ca119f9d443620b77f9d6b33703e51011c16baf57afb285fc6"},
    {file = "colorama-0.4.6.tar.gz", hash = "sha256:08695f5cb7ed6e0531a20572697297273c47b8cae5a63ffc6d6ed5c201be6e44"},
]

[[package]]
name = "iniconfig"
version = "2.0.0"
description = "brain-dead simple config-ini parsing"
optional = false
python-versions = ">=3.7"
files = [
    {file = "iniconfig-2.0.0-py3-none-any.whl", hash = "sha256:b6a85871a79d2e3b22d2d1b94ac2824226a63c6b741c88f7ae975f18b6778374"},
    {file = "iniconfig-2.0.0.tar.gz", hash = "sha256:2d91e135bf72d31a410b17c16da610a82cb55f6b0477d1a902134b24a455b8b3"},
]

[[package]]
name = "packaging"
version = "24.2"
description = "Core utilities for Python packages"
optional = false
python-versions = ">=3.8"
files = [
    {file = "packaging-24.2-py3-none-any.whl", hash = "sha256:09abb1bccd265c01f4a3aa3f7a7db064b36514d2cba19a2f694fe6150451a759"},
    {file = "packaging-24.2.tar.gz", hash = "sha256:c228a6dc5e932d346bc5739379109d49e8853dd8223571c7c5b55260edc0b97f"},
]

[[package]]
name = "pluggy"
version = "0.13.1"
description = "plugin and hook calling mechanisms for python"
optional = false
python-versions = ">=2.7, !=3.0.*, !=3.1.*, !=3.2.*, !=3.3.*"
files = [
    {file = "pluggy-0.13.1-py2.py3-none-any.whl", hash = "sha256:966c145cd83c96502c3c3868f50408687b38434af77734af1e9ca461a4081d2d"},
    {file = "pluggy-0.13.1.tar.gz", hash = "sha256:15b2acde666561e1298d71b523007ed7364de07029219b604cf808bfa1c765b0"},
]

[package.extras]
dev = ["pre-commit", "tox"]

[[package]]
name = "protobuf"
version = "5.29.0"
description = ""
optional = false
python-versions = ">=3.8"
files = [
    {file = "protobuf-5.29.0-cp310-abi3-win32.whl", hash = "sha256:ea7fb379b257911c8c020688d455e8f74efd2f734b72dc1ea4b4d7e9fd1326f2"},
    {file = "protobuf-5.29.0-cp310-abi3-win_amd64.whl", hash = "sha256:34a90cf30c908f47f40ebea7811f743d360e202b6f10d40c02529ebd84afc069"},
    {file = "protobuf-5.29.0-cp38-abi3-macosx_10_9_universal2.whl", hash = "sha256:c931c61d0cc143a2e756b1e7f8197a508de5365efd40f83c907a9febf36e6b43"},
    {file = "protobuf-5.29.0-cp38-abi3-manylinux2014_aarch64.whl", hash = "sha256:85286a47caf63b34fa92fdc1fd98b649a8895db595cfa746c5286eeae890a0b1"},
    {file = "protobuf-5.29.0-cp38-abi3-manylinux2014_x86_64.whl", hash = "sha256:0d10091d6d03537c3f902279fcf11e95372bdd36a79556311da0487455791b20"},
    {file = "protobuf-5.29.0-cp38-cp38-win32.whl", hash = "sha256:0cd67a1e5c2d88930aa767f702773b2d054e29957432d7c6a18f8be02a07719a"},
    {file = "protobuf-5.29.0-cp38-cp38-win_amd64.whl", hash = "sha256:e467f81fdd12ded9655cea3e9b83dc319d93b394ce810b556fb0f421d8613e86"},
    {file = "protobuf-5.29.0-cp39-cp39-win32.whl", hash = "sha256:17d128eebbd5d8aee80300aed7a43a48a25170af3337f6f1333d1fac2c6839ac"},
    {file = "protobuf-5.29.0-cp39-cp39-win_amd64.whl", hash = "sha256:6c3009e22717c6cc9e6594bb11ef9f15f669b19957ad4087214d69e08a213368"},
    {file = "protobuf-5.29.0-py3-none-any.whl", hash = "sha256:88c4af76a73183e21061881360240c0cdd3c39d263b4e8fb570aaf83348d608f"},
    {file = "protobuf-5.29.0.tar.gz", hash = "sha256:445a0c02483869ed8513a585d80020d012c6dc60075f96fa0563a724987b1001"},
]

[[package]]
name = "py"
version = "1.11.0"
description = "library with cross-python path, ini-parsing, io, code, log facilities"
optional = false
python-versions = ">=2.7, !=3.0.*, !=3.1.*, !=3.2.*, !=3.3.*, !=3.4.*"
files = [
    {file = "py-1.11.0-py2.py3-none-any.whl", hash = "sha256:607c53218732647dff4acdfcd50cb62615cedf612e72d1724fb1a0cc6405b378"},
    {file = "py-1.11.0.tar.gz", hash = "sha256:51c75c4126074b472f746a24399ad32f6053d1b34b68d2fa41e558e6f4a98719"},
]

[[package]]
name = "pytest"
version = "6.2.0"
description = "pytest: simple powerful testing with Python"
optional = false
python-versions = ">=3.6"
files = [
    {file = "pytest-6.2.0-py3-none-any.whl", hash = "sha256:d69e1a80b34fe4d596c9142f35d9e523d98a2838976f1a68419a8f051b24cec6"},
    {file = "pytest-6.2.0.tar.gz", hash = "sha256:b12e09409c5bdedc28d308469e156127004a436b41e9b44f9bff6446cbab9152"},
]

[package.dependencies]
atomicwrites = {version = ">=1.0", markers = "sys_platform == \"win32\""}
attrs = ">=19.2.0"
colorama = {version = "*", markers = "sys_platform == \"win32\""}
iniconfig = "*"
packaging = "*"
pluggy = ">=0.12,<1.0.0a1"
py = ">=1.8.2"
toml = "*"

[package.extras]
testing = ["argcomplete", "hypothesis (>=3.56)", "mock", "nose", "requests", "xmlschema"]

[[package]]
name = "python-dateutil"
version = "2.9.0.post0"
description = "Extensions to the standard Python datetime module"
optional = false
python-versions = "!=3.0.*,!=3.1.*,!=3.2.*,>=2.7"
files = [
    {file = "python-dateutil-2.9.0.post0.tar.gz", hash = "sha256:37dd54208da7e1cd875388217d5e00ebd4179249f90fb72437e91a35459a0ad3"},
    {file = "python_dateutil-2.9.0.post0-py2.py3-none-any.whl", hash = "sha256:a8b2bc7bffae282281c8140a97d3aa9c14da0b136dfe83f850eea9a5f7470427"},
]

[package.dependencies]
six = ">=1.5"

[[package]]
name = "python-dotenv"
version = "0.19.2"
description = "Read key-value pairs from a .env file and set them as environment variables"
optional = false
python-versions = ">=3.5"
files = [
    {file = "python-dotenv-0.19.2.tar.gz", hash = "sha256:a5de49a31e953b45ff2d2fd434bbc2670e8db5273606c1e737cc6b93eff3655f"},
    {file = "python_dotenv-0.19.2-py2.py3-none-any.whl", hash = "sha256:32b2bdc1873fd3a3c346da1c6db83d0053c3c62f28f1f38516070c4c8971b1d3"},
]

[package.extras]
cli = ["click (>=5.0)"]

[[package]]
name = "restack-ai"
version = "0.0.40"
description = "Restack AI library"
optional = false
python-versions = "<4.0,>=3.9"
files = [
    {file = "restack_ai-0.0.40-py3-none-any.whl", hash = "sha256:6dd20f18b75a208963d375e9566fb25a4d5fe8371ea07b09eb6c86c7ecbfb498"},
    {file = "restack_ai-0.0.40.tar.gz", hash = "sha256:c8acb7b733fd45b359a073783c60aacd3809ce28867efc48fdcedc5af4a5298f"},
]

[package.dependencies]
asyncio = ">=3.4.3,<4.0.0"
colorama = ">=0.4.6,<0.5.0"
python-dotenv = ">=0.19.0,<0.20.0"
temporalio = "1.8.0"

[[package]]
name = "six"
version = "1.16.0"
description = "Python 2 and 3 compatibility utilities"
optional = false
python-versions = ">=2.7, !=3.0.*, !=3.1.*, !=3.2.*"
files = [
    {file = "six-1.16.0-py2.py3-none-any.whl", hash = "sha256:8abb2f1d86890a2dfb989f9a77cfcfd3e47c2a354b01111771326f8aa26e0254"},
    {file = "six-1.16.0.tar.gz", hash = "sha256:1e61c37477a1626458e36f7b1d82aa5c9b094fa4802892072e49de9c60c4c926"},
]

[[package]]
name = "temporalio"
version = "1.8.0"
description = "Temporal.io Python SDK"
optional = false
python-versions = "<4.0,>=3.8"
files = [
    {file = "temporalio-1.8.0-cp38-abi3-macosx_10_9_x86_64.whl", hash = "sha256:c6acb217d4bd7297389db756dd9da73ef2bae17f6afee1faa8bf77be200e8b93"},
    {file = "temporalio-1.8.0-cp38-abi3-macosx_11_0_arm64.whl", hash = "sha256:6ec61660631b2513ce710b468068135280996af105571126295c9645bf29ee22"},
    {file = "temporalio-1.8.0-cp38-abi3-manylinux2014_aarch64.manylinux_2_17_aarch64.whl", hash = "sha256:4ee13d155dc917e7792b87d1e37b1a0e837c361deb722ccc294edaa5344f2fa2"},
    {file = "temporalio-1.8.0-cp38-abi3-manylinux2014_x86_64.manylinux_2_17_x86_64.whl", hash = "sha256:6b67c115b6eaceddae373dc2c597e5ad5dd567282f4bb0ee63c99124f5f0c12d"},
    {file = "temporalio-1.8.0-cp38-abi3-win_amd64.whl", hash = "sha256:6a45571c09859b6cbf33be26dd5d5fab7e7ee3625750a7b91ebde5770e61015b"},
    {file = "temporalio-1.8.0.tar.gz", hash = "sha256:b9e239b8bfd60126a4b591c6e2e691392b69afc8cac9db452d692654bf85f9cc"},
]

[package.dependencies]
protobuf = ">=3.20"
python-dateutil = {version = ">=2.8.2,<3.0.0", markers = "python_version < \"3.11\""}
types-protobuf = ">=3.20"
typing-extensions = ">=4.2.0,<5.0.0"

[package.extras]
grpc = ["grpcio (>=1.59.0,<2.0.0)"]
opentelemetry = ["opentelemetry-api (>=1.11.1,<2.0.0)", "opentelemetry-sdk (>=1.11.1,<2.0.0)"]

[[package]]
name = "toml"
version = "0.10.2"
description = "Python Library for Tom's Obvious, Minimal Language"
optional = false
python-versions = ">=2.6, !=3.0.*, !=3.1.*, !=3.2.*"
files = [
    {file = "toml-0.10.2-py2.py3-none-any.whl", hash = "sha256:806143ae5bfb6a3c6e736a764057db0e6a0e05e338b5630894a5f779cabb4f9b"},
    {file = "toml-0.10.2.tar.gz", hash = "sha256:b3bda1d108d5dd99f4a20d24d9c348e91c4db7ab1b749200bded2f839ccbe68f"},
]

[[package]]
name = "types-protobuf"
version = "5.28.3.20241203"
description = "Typing stubs for protobuf"
optional = false
python-versions = ">=3.8"
files = [
    {file = "types_protobuf-5.28.3.20241203-py3-none-any.whl", hash = "sha256:5367632a4785394b0504e7c1e4d54a2dceeae9cd4f73a705d0f6499fc99cecb1"},
    {file = "types_protobuf-5.28.3.20241203.tar.gz", hash = "sha256:2e1c962bdf76c576506b5fc0678d28efa6652a54c04ae46562a6209e777bd789"},
]

[[package]]
name = "typing-extensions"
version = "4.12.2"
description = "Backported and Experimental Type Hints for Python 3.8+"
optional = false
python-versions = ">=3.8"
files = [
    {file = "typing_extensions-4.12.2-py3-none-any.whl", hash = "sha256:04e5ca0351e0f3f85c6853954072df659d0d13fac324d0072316b67d7794700d"},
    {file = "typing_extensions-4.12.2.tar.gz", hash = "sha256:1a7ead55c7e559dd4dee8856e3a88b41225abfe1ce8df57b7c13915fe121ffb8"},
]

[metadata]
lock-version = "2.0"
python-versions = ">=3.10,<4.0"
content-hash = "2040e7f9d1cffd96571bb7c4e7f8469b6b283c360c49c36ca14b300dd5ca598f"
