# This file is automatically @generated by Poetry 1.8.4 and should not be changed by hand.

[[package]]
name = "annotated-types"
version = "0.7.0"
description = "Reusable constraint types to use with typing.Annotated"
optional = false
python-versions = ">=3.8"
files = [
    {file = "annotated_types-0.7.0-py3-none-any.whl", hash = "sha256:1f02e8b43a8fbbc3f3e0d4f0f4bfc8131bcb4eebe8849b8e5c773f3a1c582a53"},
    {file = "annotated_types-0.7.0.tar.gz", hash = "sha256:aff07c09a53a08bc8cfccb9c85b05f1aa9a2a6f23728d790723543408344ce89"},
]

[[package]]
name = "anyio"
version = "4.6.2.post1"
description = "High level compatibility layer for multiple asynchronous event loop implementations"
optional = false
python-versions = ">=3.9"
files = [
    {file = "anyio-4.6.2.post1-py3-none-any.whl", hash = "sha256:6d170c36fba3bdd840c73d3868c1e777e33676a69c3a72cf0a0d5d6d8009b61d"},
    {file = "anyio-4.6.2.post1.tar.gz", hash = "sha256:4c8bc31ccdb51c7f7bd251f51c609e038d63e34219b44aa86e47576389880b4c"},
]

[package.dependencies]
idna = ">=2.8"
sniffio = ">=1.1"

[package.extras]
doc = ["Sphinx (>=7.4,<8.0)", "packaging", "sphinx-autodoc-typehints (>=1.2.0)", "sphinx-rtd-theme"]
test = ["anyio[trio]", "coverage[toml] (>=7)", "exceptiongroup (>=1.2.0)", "hypothesis (>=4.0)", "psutil (>=5.9)", "pytest (>=7.0)", "pytest-mock (>=3.6.1)", "trustme", "truststore (>=0.9.1)", "uvloop (>=0.21.0b1)"]
trio = ["trio (>=0.26.1)"]

[[package]]
name = "asyncio"
version = "3.4.3"
description = "reference implementation of PEP 3156"
optional = false
python-versions = "*"
files = [
    {file = "asyncio-3.4.3-cp33-none-win32.whl", hash = "sha256:b62c9157d36187eca799c378e572c969f0da87cd5fc42ca372d92cdb06e7e1de"},
    {file = "asyncio-3.4.3-cp33-none-win_amd64.whl", hash = "sha256:c46a87b48213d7464f22d9a497b9eef8c1928b68320a2fa94240f969f6fec08c"},
    {file = "asyncio-3.4.3-py3-none-any.whl", hash = "sha256:c4d18b22701821de07bd6aea8b53d21449ec0ec5680645e5317062ea21817d2d"},
    {file = "asyncio-3.4.3.tar.gz", hash = "sha256:83360ff8bc97980e4ff25c964c7bd3923d333d177aa4f7fb736b019f26c7cb41"},
]

[[package]]
name = "certifi"
version = "2024.8.30"
description = "Python package for providing Mozilla's CA Bundle."
optional = false
python-versions = ">=3.6"
files = [
    {file = "certifi-2024.8.30-py3-none-any.whl", hash = "sha256:922820b53db7a7257ffbda3f597266d435245903d80737e34f8a45ff3e3230d8"},
    {file = "certifi-2024.8.30.tar.gz", hash = "sha256:bec941d2aa8195e248a60b31ff9f0558284cf01a52591ceda73ea9afffd69fd9"},
]

[[package]]
name = "colorama"
version = "0.4.6"
description = "Cross-platform colored terminal text."
optional = false
python-versions = "!=3.0.*,!=3.1.*,!=3.2.*,!=3.3.*,!=3.4.*,!=3.5.*,!=3.6.*,>=2.7"
files = [
    {file = "colorama-0.4.6-py2.py3-none-any.whl", hash = "sha256:4f1d9991f5acc0ca119f9d443620b77f9d6b33703e51011c16baf57afb285fc6"},
    {file = "colorama-0.4.6.tar.gz", hash = "sha256:08695f5cb7ed6e0531a20572697297273c47b8cae5a63ffc6d6ed5c201be6e44"},
]

[[package]]
name = "distro"
version = "1.9.0"
description = "Distro - an OS platform information API"
optional = false
python-versions = ">=3.6"
files = [
    {file = "distro-1.9.0-py3-none-any.whl", hash = "sha256:7bffd925d65168f85027d8da9af6bddab658135b840670a223589bc0c8ef02b2"},
    {file = "distro-1.9.0.tar.gz", hash = "sha256:2fa77c6fd8940f116ee1d6b94a2f90b13b5ea8d019b98bc8bafdcabcdd9bdbed"},
]

[[package]]
name = "h11"
version = "0.14.0"
description = "A pure-Python, bring-your-own-I/O implementation of HTTP/1.1"
optional = false
python-versions = ">=3.7"
files = [
    {file = "h11-0.14.0-py3-none-any.whl", hash = "sha256:e3fe4ac4b851c468cc8363d500db52c2ead036020723024a109d37346efaa761"},
    {file = "h11-0.14.0.tar.gz", hash = "sha256:8f19fbbe99e72420ff35c00b27a34cb9937e902a8b810e2c88300c6f0a3b699d"},
]

[[package]]
name = "httpcore"
version = "1.0.7"
description = "A minimal low-level HTTP client."
optional = false
python-versions = ">=3.8"
files = [
    {file = "httpcore-1.0.7-py3-none-any.whl", hash = "sha256:a3fff8f43dc260d5bd363d9f9cf1830fa3a458b332856f34282de498ed420edd"},
    {file = "httpcore-1.0.7.tar.gz", hash = "sha256:8551cb62a169ec7162ac7be8d4817d561f60e08eaa485234898414bb5a8a0b4c"},
]

[package.dependencies]
certifi = "*"
h11 = ">=0.13,<0.15"

[package.extras]
asyncio = ["anyio (>=4.0,<5.0)"]
http2 = ["h2 (>=3,<5)"]
socks = ["socksio (==1.*)"]
trio = ["trio (>=0.22.0,<1.0)"]

[[package]]
name = "httpx"
version = "0.28.0"
description = "The next generation HTTP client."
optional = false
python-versions = ">=3.8"
files = [
    {file = "httpx-0.28.0-py3-none-any.whl", hash = "sha256:dc0b419a0cfeb6e8b34e85167c0da2671206f5095f1baa9663d23bcfd6b535fc"},
    {file = "httpx-0.28.0.tar.gz", hash = "sha256:0858d3bab51ba7e386637f22a61d8ccddaeec5f3fe4209da3a6168dbb91573e0"},
]

[package.dependencies]
anyio = "*"
certifi = "*"
httpcore = "==1.*"
idna = "*"

[package.extras]
brotli = ["brotli", "brotlicffi"]
cli = ["click (==8.*)", "pygments (==2.*)", "rich (>=10,<14)"]
http2 = ["h2 (>=3,<5)"]
socks = ["socksio (==1.*)"]
zstd = ["zstandard (>=0.18.0)"]

[[package]]
name = "idna"
version = "3.10"
description = "Internationalized Domain Names in Applications (IDNA)"
optional = false
python-versions = ">=3.6"
files = [
    {file = "idna-3.10-py3-none-any.whl", hash = "sha256:946d195a0d259cbba61165e88e65941f16e9b36ea6ddb97f00452bae8b1287d3"},
    {file = "idna-3.10.tar.gz", hash = "sha256:12f65c9b470abda6dc35cf8e63cc574b1c52b11df2c86030af0ac09b01b13ea9"},
]

[package.extras]
all = ["flake8 (>=7.1.1)", "mypy (>=1.11.2)", "pytest (>=8.3.2)", "ruff (>=0.6.2)"]

[[package]]
name = "jiter"
version = "0.8.0"
description = "Fast iterable JSON parser."
optional = false
python-versions = ">=3.8"
files = [
    {file = "jiter-0.8.0-cp310-cp310-macosx_10_12_x86_64.whl", hash = "sha256:dee4eeb293ffcd2c3b31ebab684dbf7f7b71fe198f8eddcdf3a042cc6e10205a"},
    {file = "jiter-0.8.0-cp310-cp310-macosx_11_0_arm64.whl", hash = "sha256:aad1e6e9b01cf0304dcee14db03e92e0073287a6297caf5caf2e9dbfea16a924"},
    {file = "jiter-0.8.0-cp310-cp310-manylinux_2_17_aarch64.manylinux2014_aarch64.whl", hash = "sha256:504099fb7acdbe763e10690d560a25d4aee03d918d6a063f3a761d8a09fb833f"},
    {file = "jiter-0.8.0-cp310-cp310-manylinux_2_17_armv7l.manylinux2014_armv7l.whl", hash = "sha256:2373487caad7fe39581f588ab5c9262fc1ade078d448626fec93f4ffba528858"},
    {file = "jiter-0.8.0-cp310-cp310-manylinux_2_17_ppc64le.manylinux2014_ppc64le.whl", hash = "sha256:c341ecc3f9bccde952898b0c97c24f75b84b56a7e2f8bbc7c8e38cab0875a027"},
    {file = "jiter-0.8.0-cp310-cp310-manylinux_2_17_s390x.manylinux2014_s390x.whl", hash = "sha256:0e48e7a336529b9419d299b70c358d4ebf99b8f4b847ed3f1000ec9f320e8c0c"},
    {file = "jiter-0.8.0-cp310-cp310-manylinux_2_17_x86_64.manylinux2014_x86_64.whl", hash = "sha256:f5ee157a8afd2943be690db679f82fafb8d347a8342e8b9c34863de30c538d55"},
    {file = "jiter-0.8.0-cp310-cp310-manylinux_2_5_i686.manylinux1_i686.whl", hash = "sha256:d7dceae3549b80087f913aad4acc2a7c1e0ab7cb983effd78bdc9c41cabdcf18"},
    {file = "jiter-0.8.0-cp310-cp310-musllinux_1_1_aarch64.whl", hash = "sha256:e29e9ecce53d396772590438214cac4ab89776f5e60bd30601f1050b34464019"},
    {file = "jiter-0.8.0-cp310-cp310-musllinux_1_1_x86_64.whl", hash = "sha256:fa1782f22d5f92c620153133f35a9a395d3f3823374bceddd3e7032e2fdfa0b1"},
    {file = "jiter-0.8.0-cp310-none-win32.whl", hash = "sha256:f754ef13b4e4f67a3bf59fe974ef4342523801c48bf422f720bd37a02a360584"},
    {file = "jiter-0.8.0-cp310-none-win_amd64.whl", hash = "sha256:796f750b65f5d605f5e7acaccc6b051675e60c41d7ac3eab40dbd7b5b81a290f"},
    {file = "jiter-0.8.0-cp311-cp311-macosx_10_12_x86_64.whl", hash = "sha256:f6f4e645efd96b4690b9b6091dbd4e0fa2885ba5c57a0305c1916b75b4f30ff6"},
    {file = "jiter-0.8.0-cp311-cp311-macosx_11_0_arm64.whl", hash = "sha256:f61cf6d93c1ade9b8245c9f14b7900feadb0b7899dbe4aa8de268b705647df81"},
    {file = "jiter-0.8.0-cp311-cp311-manylinux_2_17_aarch64.manylinux2014_aarch64.whl", hash = "sha256:0396bc5cb1309c6dab085e70bb3913cdd92218315e47b44afe9eace68ee8adaa"},
    {file = "jiter-0.8.0-cp311-cp311-manylinux_2_17_armv7l.manylinux2014_armv7l.whl", hash = "sha256:62d0e42ec5dc772bd8554a304358220be5d97d721c4648b23f3a9c01ccc2cb26"},
    {file = "jiter-0.8.0-cp311-cp311-manylinux_2_17_ppc64le.manylinux2014_ppc64le.whl", hash = "sha256:ec4b711989860705733fc59fb8c41b2def97041cea656b37cf6c8ea8dee1c3f4"},
    {file = "jiter-0.8.0-cp311-cp311-manylinux_2_17_s390x.manylinux2014_s390x.whl", hash = "sha256:859cc35bf304ab066d88f10a44a3251a9cd057fb11ec23e00be22206db878f4f"},
    {file = "jiter-0.8.0-cp311-cp311-manylinux_2_17_x86_64.manylinux2014_x86_64.whl", hash = "sha256:5000195921aa293b39b9b5bc959d7fa658e7f18f938c0e52732da8e3cc70a278"},
    {file = "jiter-0.8.0-cp311-cp311-manylinux_2_5_i686.manylinux1_i686.whl", hash = "sha256:36050284c0abde57aba34964d3920f3d6228211b65df7187059bb7c7f143759a"},
    {file = "jiter-0.8.0-cp311-cp311-musllinux_1_1_aarch64.whl", hash = "sha256:a88f608e050cfe45c48d771e86ecdbf5258314c883c986d4217cc79e1fb5f689"},
    {file = "jiter-0.8.0-cp311-cp311-musllinux_1_1_x86_64.whl", hash = "sha256:646cf4237665b2e13b4159d8f26d53f59bc9f2e6e135e3a508a2e5dd26d978c6"},
    {file = "jiter-0.8.0-cp311-none-win32.whl", hash = "sha256:21fe5b8345db1b3023052b2ade9bb4d369417827242892051244af8fae8ba231"},
    {file = "jiter-0.8.0-cp311-none-win_amd64.whl", hash = "sha256:30c2161c5493acf6b6c3c909973fb64ae863747def01cc7574f3954e0a15042c"},
    {file = "jiter-0.8.0-cp312-cp312-macosx_10_12_x86_64.whl", hash = "sha256:d91a52d8f49ada2672a4b808a0c5c25d28f320a2c9ca690e30ebd561eb5a1002"},
    {file = "jiter-0.8.0-cp312-cp312-macosx_11_0_arm64.whl", hash = "sha256:c38cf25cf7862f61410b7a49684d34eb3b5bcbd7ddaf4773eea40e0bd43de706"},
    {file = "jiter-0.8.0-cp312-cp312-manylinux_2_17_aarch64.manylinux2014_aarch64.whl", hash = "sha256:c6189beb5c4b3117624be6b2e84545cff7611f5855d02de2d06ff68e316182be"},
    {file = "jiter-0.8.0-cp312-cp312-manylinux_2_17_armv7l.manylinux2014_armv7l.whl", hash = "sha256:e13fa849c0e30643554add089983caa82f027d69fad8f50acadcb21c462244ab"},
    {file = "jiter-0.8.0-cp312-cp312-manylinux_2_17_ppc64le.manylinux2014_ppc64le.whl", hash = "sha256:d7765ca159d0a58e8e0f8ca972cd6d26a33bc97b4480d0d2309856763807cd28"},
    {file = "jiter-0.8.0-cp312-cp312-manylinux_2_17_s390x.manylinux2014_s390x.whl", hash = "sha256:1b0befe7c6e9fc867d5bed21bab0131dfe27d1fa5cd52ba2bced67da33730b7d"},
    {file = "jiter-0.8.0-cp312-cp312-manylinux_2_17_x86_64.manylinux2014_x86_64.whl", hash = "sha256:e7d6363d4c6f1052b1d8b494eb9a72667c3ef5f80ebacfe18712728e85327000"},
    {file = "jiter-0.8.0-cp312-cp312-manylinux_2_5_i686.manylinux1_i686.whl", hash = "sha256:a873e57009863eeac3e3969e4653f07031d6270d037d6224415074ac17e5505c"},
    {file = "jiter-0.8.0-cp312-cp312-musllinux_1_1_aarch64.whl", hash = "sha256:2582912473c0d9940791479fe1bf2976a34f212eb8e0a82ee9e645ac275c5d16"},
    {file = "jiter-0.8.0-cp312-cp312-musllinux_1_1_x86_64.whl", hash = "sha256:646163201af42f55393ee6e8f6136b8df488253a6533f4230a64242ecbfe6048"},
    {file = "jiter-0.8.0-cp312-none-win32.whl", hash = "sha256:96e75c9abfbf7387cba89a324d2356d86d8897ac58c956017d062ad510832dae"},
    {file = "jiter-0.8.0-cp312-none-win_amd64.whl", hash = "sha256:ed6074552b4a32e047b52dad5ab497223721efbd0e9efe68c67749f094a092f7"},
    {file = "jiter-0.8.0-cp313-cp313-macosx_10_12_x86_64.whl", hash = "sha256:dd5e351cb9b3e676ec3360a85ea96def515ad2b83c8ae3a251ce84985a2c9a6f"},
    {file = "jiter-0.8.0-cp313-cp313-macosx_11_0_arm64.whl", hash = "sha256:ba9f12b0f801ecd5ed0cec29041dc425d1050922b434314c592fc30d51022467"},
    {file = "jiter-0.8.0-cp313-cp313-manylinux_2_17_aarch64.manylinux2014_aarch64.whl", hash = "sha256:a7ba461c3681728d556392e8ae56fb44a550155a24905f01982317b367c21dd4"},
    {file = "jiter-0.8.0-cp313-cp313-manylinux_2_17_armv7l.manylinux2014_armv7l.whl", hash = "sha256:3a15ed47ab09576db560dbc5c2c5a64477535beb056cd7d997d5dd0f2798770e"},
    {file = "jiter-0.8.0-cp313-cp313-manylinux_2_17_ppc64le.manylinux2014_ppc64le.whl", hash = "sha256:cef55042816d0737142b0ec056c0356a5f681fb8d6aa8499b158e87098f4c6f8"},
    {file = "jiter-0.8.0-cp313-cp313-manylinux_2_17_s390x.manylinux2014_s390x.whl", hash = "sha256:549f170215adeb5e866f10617c3d019d8eb4e6d4e3c6b724b3b8c056514a3487"},
    {file = "jiter-0.8.0-cp313-cp313-manylinux_2_17_x86_64.manylinux2014_x86_64.whl", hash = "sha256:f867edeb279d22020877640d2ea728de5817378c60a51be8af731a8a8f525306"},
    {file = "jiter-0.8.0-cp313-cp313-manylinux_2_5_i686.manylinux1_i686.whl", hash = "sha256:aef8845f463093799db4464cee2aa59d61aa8edcb3762aaa4aacbec3f478c929"},
    {file = "jiter-0.8.0-cp313-cp313-musllinux_1_1_aarch64.whl", hash = "sha256:d0d6e22e4062c3d3c1bf3594baa2f67fc9dcdda8275abad99e468e0c6540bc54"},
    {file = "jiter-0.8.0-cp313-cp313-musllinux_1_1_x86_64.whl", hash = "sha256:079e62e64696241ac3f408e337aaac09137ed760ccf2b72b1094b48745c13641"},
    {file = "jiter-0.8.0-cp313-cp313t-macosx_11_0_arm64.whl", hash = "sha256:74d2b56ed3da5760544df53b5f5c39782e68efb64dc3aa0bba4cc08815e6fae8"},
    {file = "jiter-0.8.0-cp313-cp313t-manylinux_2_17_x86_64.manylinux2014_x86_64.whl", hash = "sha256:798dafe108cba58a7bb0a50d4d5971f98bb7f3c974e1373e750de6eb21c1a329"},
    {file = "jiter-0.8.0-cp313-none-win32.whl", hash = "sha256:ca6d3064dfc743eb0d3d7539d89d4ba886957c717567adc72744341c1e3573c9"},
    {file = "jiter-0.8.0-cp313-none-win_amd64.whl", hash = "sha256:38caedda64fe1f04b06d7011fc15e86b3b837ed5088657bf778656551e3cd8f9"},
    {file = "jiter-0.8.0-cp38-cp38-macosx_10_12_x86_64.whl", hash = "sha256:bb5c8a0a8d081c338db22e5b8d53a89a121790569cbb85f7d3cfb1fe0fbe9836"},
    {file = "jiter-0.8.0-cp38-cp38-macosx_11_0_arm64.whl", hash = "sha256:202dbe8970bfb166fab950eaab8f829c505730a0b33cc5e1cfb0a1c9dd56b2f9"},
    {file = "jiter-0.8.0-cp38-cp38-manylinux_2_17_aarch64.manylinux2014_aarch64.whl", hash = "sha256:9046812e5671fdcfb9ae02881fff1f6a14d484b7e8b3316179a372cdfa1e8026"},
    {file = "jiter-0.8.0-cp38-cp38-manylinux_2_17_armv7l.manylinux2014_armv7l.whl", hash = "sha256:e6ac56425023e52d65150918ae25480d0a1ce2a6bf5ea2097f66a2cc50f6d692"},
    {file = "jiter-0.8.0-cp38-cp38-manylinux_2_17_ppc64le.manylinux2014_ppc64le.whl", hash = "sha256:7dfcf97210c6eab9d2a1c6af15dd39e1d5154b96a7145d0a97fa1df865b7b834"},
    {file = "jiter-0.8.0-cp38-cp38-manylinux_2_17_s390x.manylinux2014_s390x.whl", hash = "sha256:d4e3c8444d418686f78c9a547b9b90031faf72a0a1a46bfec7fb31edbd889c0d"},
    {file = "jiter-0.8.0-cp38-cp38-manylinux_2_17_x86_64.manylinux2014_x86_64.whl", hash = "sha256:6507011a299b7f578559084256405a8428875540d8d13530e00b688e41b09493"},
    {file = "jiter-0.8.0-cp38-cp38-manylinux_2_5_i686.manylinux1_i686.whl", hash = "sha256:0aae4738eafdd34f0f25c2d3668ce9e8fa0d7cb75a2efae543c9a69aebc37323"},
    {file = "jiter-0.8.0-cp38-cp38-musllinux_1_1_aarch64.whl", hash = "sha256:7f5d782e790396b13f2a7b36bdcaa3736a33293bdda80a4bf1a3ce0cd5ef9f15"},
    {file = "jiter-0.8.0-cp38-cp38-musllinux_1_1_x86_64.whl", hash = "sha256:cc7f993bc2c4e03015445adbb16790c303282fce2e8d9dc3a3905b1d40e50564"},
    {file = "jiter-0.8.0-cp38-none-win32.whl", hash = "sha256:d4a8a6eda018a991fa58ef707dd51524055d11f5acb2f516d70b1be1d15ab39c"},
    {file = "jiter-0.8.0-cp38-none-win_amd64.whl", hash = "sha256:4cca948a3eda8ea24ed98acb0ee19dc755b6ad2e570ec85e1527d5167f91ff67"},
    {file = "jiter-0.8.0-cp39-cp39-macosx_10_12_x86_64.whl", hash = "sha256:ef89663678d8257063ce7c00d94638e05bd72f662c5e1eb0e07a172e6c1a9a9f"},
    {file = "jiter-0.8.0-cp39-cp39-macosx_11_0_arm64.whl", hash = "sha256:c402ddcba90b4cc71db3216e8330f4db36e0da2c78cf1d8a9c3ed8f272602a94"},
    {file = "jiter-0.8.0-cp39-cp39-manylinux_2_17_aarch64.manylinux2014_aarch64.whl", hash = "sha256:1a6dfe795b7a173a9f8ba7421cdd92193d60c1c973bbc50dc3758a9ad0fa5eb6"},
    {file = "jiter-0.8.0-cp39-cp39-manylinux_2_17_armv7l.manylinux2014_armv7l.whl", hash = "sha256:8ec29a31b9abd6be39453a2c45da067138a3005d65d2c0507c530e0f1fdcd9a4"},
    {file = "jiter-0.8.0-cp39-cp39-manylinux_2_17_ppc64le.manylinux2014_ppc64le.whl", hash = "sha256:2a488f8c54bddc3ddefaf3bfd6de4a52c97fc265d77bc2dcc6ee540c17e8c342"},
    {file = "jiter-0.8.0-cp39-cp39-manylinux_2_17_s390x.manylinux2014_s390x.whl", hash = "sha256:aeb5561adf4d26ca0d01b5811b4d7b56a8986699a473d700757b4758ef787883"},
    {file = "jiter-0.8.0-cp39-cp39-manylinux_2_17_x86_64.manylinux2014_x86_64.whl", hash = "sha256:4ab961858d7ad13132328517d29f121ae1b2d94502191d6bcf96bddcc8bb5d1c"},
    {file = "jiter-0.8.0-cp39-cp39-manylinux_2_5_i686.manylinux1_i686.whl", hash = "sha256:a207e718d114d23acf0850a2174d290f42763d955030d9924ffa4227dbd0018f"},
    {file = "jiter-0.8.0-cp39-cp39-musllinux_1_1_aarch64.whl", hash = "sha256:733bc9dc8ff718a0ae4695239e9268eb93e88b73b367dfac3ec227d8ce2f1e77"},
    {file = "jiter-0.8.0-cp39-cp39-musllinux_1_1_x86_64.whl", hash = "sha256:d1ec27299e22d05e13a06e460bf7f75f26f9aaa0e0fb7d060f40e88df1d81faa"},
    {file = "jiter-0.8.0-cp39-none-win32.whl", hash = "sha256:e8dbfcb46553e6661d3fc1f33831598fcddf73d0f67834bce9fc3e9ebfe5c439"},
    {file = "jiter-0.8.0-cp39-none-win_amd64.whl", hash = "sha256:af2ce2487b3a93747e2cb5150081d4ae1e5874fce5924fc1a12e9e768e489ad8"},
    {file = "jiter-0.8.0.tar.gz", hash = "sha256:86fee98b569d4cc511ff2e3ec131354fafebd9348a487549c31ad371ae730310"},
]

[[package]]
name = "openai"
version = "1.56.2"
description = "The official Python library for the openai API"
optional = false
python-versions = ">=3.8"
files = [
    {file = "openai-1.56.2-py3-none-any.whl", hash = "sha256:82d0c48f9504e04c7797e9b799dcf7f49a246d99b6cbfd90f3193ea80815b69e"},
    {file = "openai-1.56.2.tar.gz", hash = "sha256:17312af69bc7670d4048f98ab5849f8784d98c39ac64fcde19406e3774a0c1e5"},
]

[package.dependencies]
anyio = ">=3.5.0,<5"
distro = ">=1.7.0,<2"
httpx = ">=0.23.0,<1"
jiter = ">=0.4.0,<1"
pydantic = ">=1.9.0,<3"
sniffio = "*"
tqdm = ">4"
typing-extensions = ">=4.11,<5"

[package.extras]
datalib = ["numpy (>=1)", "pandas (>=1.2.3)", "pandas-stubs (>=1.1.0.11)"]

[[package]]
name = "protobuf"
version = "5.29.0"
description = ""
optional = false
python-versions = ">=3.8"
files = [
    {file = "protobuf-5.29.0-cp310-abi3-win32.whl", hash = "sha256:ea7fb379b257911c8c020688d455e8f74efd2f734b72dc1ea4b4d7e9fd1326f2"},
    {file = "protobuf-5.29.0-cp310-abi3-win_amd64.whl", hash = "sha256:34a90cf30c908f47f40ebea7811f743d360e202b6f10d40c02529ebd84afc069"},
    {file = "protobuf-5.29.0-cp38-abi3-macosx_10_9_universal2.whl", hash = "sha256:c931c61d0cc143a2e756b1e7f8197a508de5365efd40f83c907a9febf36e6b43"},
    {file = "protobuf-5.29.0-cp38-abi3-manylinux2014_aarch64.whl", hash = "sha256:85286a47caf63b34fa92fdc1fd98b649a8895db595cfa746c5286eeae890a0b1"},
    {file = "protobuf-5.29.0-cp38-abi3-manylinux2014_x86_64.whl", hash = "sha256:0d10091d6d03537c3f902279fcf11e95372bdd36a79556311da0487455791b20"},
    {file = "protobuf-5.29.0-cp38-cp38-win32.whl", hash = "sha256:0cd67a1e5c2d88930aa767f702773b2d054e29957432d7c6a18f8be02a07719a"},
    {file = "protobuf-5.29.0-cp38-cp38-win_amd64.whl", hash = "sha256:e467f81fdd12ded9655cea3e9b83dc319d93b394ce810b556fb0f421d8613e86"},
    {file = "protobuf-5.29.0-cp39-cp39-win32.whl", hash = "sha256:17d128eebbd5d8aee80300aed7a43a48a25170af3337f6f1333d1fac2c6839ac"},
    {file = "protobuf-5.29.0-cp39-cp39-win_amd64.whl", hash = "sha256:6c3009e22717c6cc9e6594bb11ef9f15f669b19957ad4087214d69e08a213368"},
    {file = "protobuf-5.29.0-py3-none-any.whl", hash = "sha256:88c4af76a73183e21061881360240c0cdd3c39d263b4e8fb570aaf83348d608f"},
    {file = "protobuf-5.29.0.tar.gz", hash = "sha256:445a0c02483869ed8513a585d80020d012c6dc60075f96fa0563a724987b1001"},
]

[[package]]
name = "pydantic"
version = "2.9.2"
description = "Data validation using Python type hints"
optional = false
python-versions = ">=3.8"
files = [
    {file = "pydantic-2.9.2-py3-none-any.whl", hash = "sha256:f048cec7b26778210e28a0459867920654d48e5e62db0958433636cde4254f12"},
    {file = "pydantic-2.9.2.tar.gz", hash = "sha256:d155cef71265d1e9807ed1c32b4c8deec042a44a50a4188b25ac67ecd81a9c0f"},
]

[package.dependencies]
annotated-types = ">=0.6.0"
pydantic-core = "2.23.4"
typing-extensions = {version = ">=4.6.1", markers = "python_version < \"3.13\""}

[package.extras]
email = ["email-validator (>=2.0.0)"]
timezone = ["tzdata"]

[[package]]
name = "pydantic-core"
version = "2.23.4"
description = "Core functionality for Pydantic validation and serialization"
optional = false
python-versions = ">=3.8"
files = [
    {file = "pydantic_core-2.23.4-cp310-cp310-macosx_10_12_x86_64.whl", hash = "sha256:b10bd51f823d891193d4717448fab065733958bdb6a6b351967bd349d48d5c9b"},
    {file = "pydantic_core-2.23.4-cp310-cp310-macosx_11_0_arm64.whl", hash = "sha256:4fc714bdbfb534f94034efaa6eadd74e5b93c8fa6315565a222f7b6f42ca1166"},
    {file = "pydantic_core-2.23.4-cp310-cp310-manylinux_2_17_aarch64.manylinux2014_aarch64.whl", hash = "sha256:63e46b3169866bd62849936de036f901a9356e36376079b05efa83caeaa02ceb"},
    {file = "pydantic_core-2.23.4-cp310-cp310-manylinux_2_17_armv7l.manylinux2014_armv7l.whl", hash = "sha256:ed1a53de42fbe34853ba90513cea21673481cd81ed1be739f7f2efb931b24916"},
    {file = "pydantic_core-2.23.4-cp310-cp310-manylinux_2_17_ppc64le.manylinux2014_ppc64le.whl", hash = "sha256:cfdd16ab5e59fc31b5e906d1a3f666571abc367598e3e02c83403acabc092e07"},
    {file = "pydantic_core-2.23.4-cp310-cp310-manylinux_2_17_s390x.manylinux2014_s390x.whl", hash = "sha256:255a8ef062cbf6674450e668482456abac99a5583bbafb73f9ad469540a3a232"},
    {file = "pydantic_core-2.23.4-cp310-cp310-manylinux_2_17_x86_64.manylinux2014_x86_64.whl", hash = "sha256:4a7cd62e831afe623fbb7aabbb4fe583212115b3ef38a9f6b71869ba644624a2"},
    {file = "pydantic_core-2.23.4-cp310-cp310-manylinux_2_5_i686.manylinux1_i686.whl", hash = "sha256:f09e2ff1f17c2b51f2bc76d1cc33da96298f0a036a137f5440ab3ec5360b624f"},
    {file = "pydantic_core-2.23.4-cp310-cp310-musllinux_1_1_aarch64.whl", hash = "sha256:e38e63e6f3d1cec5a27e0afe90a085af8b6806ee208b33030e65b6516353f1a3"},
    {file = "pydantic_core-2.23.4-cp310-cp310-musllinux_1_1_x86_64.whl", hash = "sha256:0dbd8dbed2085ed23b5c04afa29d8fd2771674223135dc9bc937f3c09284d071"},
    {file = "pydantic_core-2.23.4-cp310-none-win32.whl", hash = "sha256:6531b7ca5f951d663c339002e91aaebda765ec7d61b7d1e3991051906ddde119"},
    {file = "pydantic_core-2.23.4-cp310-none-win_amd64.whl", hash = "sha256:7c9129eb40958b3d4500fa2467e6a83356b3b61bfff1b414c7361d9220f9ae8f"},
    {file = "pydantic_core-2.23.4-cp311-cp311-macosx_10_12_x86_64.whl", hash = "sha256:77733e3892bb0a7fa797826361ce8a9184d25c8dffaec60b7ffe928153680ba8"},
    {file = "pydantic_core-2.23.4-cp311-cp311-macosx_11_0_arm64.whl", hash = "sha256:1b84d168f6c48fabd1f2027a3d1bdfe62f92cade1fb273a5d68e621da0e44e6d"},
    {file = "pydantic_core-2.23.4-cp311-cp311-manylinux_2_17_aarch64.manylinux2014_aarch64.whl", hash = "sha256:df49e7a0861a8c36d089c1ed57d308623d60416dab2647a4a17fe050ba85de0e"},
    {file = "pydantic_core-2.23.4-cp311-cp311-manylinux_2_17_armv7l.manylinux2014_armv7l.whl", hash = "sha256:ff02b6d461a6de369f07ec15e465a88895f3223eb75073ffea56b84d9331f607"},
    {file = "pydantic_core-2.23.4-cp311-cp311-manylinux_2_17_ppc64le.manylinux2014_ppc64le.whl", hash = "sha256:996a38a83508c54c78a5f41456b0103c30508fed9abcad0a59b876d7398f25fd"},
    {file = "pydantic_core-2.23.4-cp311-cp311-manylinux_2_17_s390x.manylinux2014_s390x.whl", hash = "sha256:d97683ddee4723ae8c95d1eddac7c192e8c552da0c73a925a89fa8649bf13eea"},
    {file = "pydantic_core-2.23.4-cp311-cp311-manylinux_2_17_x86_64.manylinux2014_x86_64.whl", hash = "sha256:216f9b2d7713eb98cb83c80b9c794de1f6b7e3145eef40400c62e86cee5f4e1e"},
    {file = "pydantic_core-2.23.4-cp311-cp311-manylinux_2_5_i686.manylinux1_i686.whl", hash = "sha256:6f783e0ec4803c787bcea93e13e9932edab72068f68ecffdf86a99fd5918878b"},
    {file = "pydantic_core-2.23.4-cp311-cp311-musllinux_1_1_aarch64.whl", hash = "sha256:d0776dea117cf5272382634bd2a5c1b6eb16767c223c6a5317cd3e2a757c61a0"},
    {file = "pydantic_core-2.23.4-cp311-cp311-musllinux_1_1_x86_64.whl", hash = "sha256:d5f7a395a8cf1621939692dba2a6b6a830efa6b3cee787d82c7de1ad2930de64"},
    {file = "pydantic_core-2.23.4-cp311-none-win32.whl", hash = "sha256:74b9127ffea03643e998e0c5ad9bd3811d3dac8c676e47db17b0ee7c3c3bf35f"},
    {file = "pydantic_core-2.23.4-cp311-none-win_amd64.whl", hash = "sha256:98d134c954828488b153d88ba1f34e14259284f256180ce659e8d83e9c05eaa3"},
    {file = "pydantic_core-2.23.4-cp312-cp312-macosx_10_12_x86_64.whl", hash = "sha256:f3e0da4ebaef65158d4dfd7d3678aad692f7666877df0002b8a522cdf088f231"},
    {file = "pydantic_core-2.23.4-cp312-cp312-macosx_11_0_arm64.whl", hash = "sha256:f69a8e0b033b747bb3e36a44e7732f0c99f7edd5cea723d45bc0d6e95377ffee"},
    {file = "pydantic_core-2.23.4-cp312-cp312-manylinux_2_17_aarch64.manylinux2014_aarch64.whl", hash = "sha256:723314c1d51722ab28bfcd5240d858512ffd3116449c557a1336cbe3919beb87"},
    {file = "pydantic_core-2.23.4-cp312-cp312-manylinux_2_17_armv7l.manylinux2014_armv7l.whl", hash = "sha256:bb2802e667b7051a1bebbfe93684841cc9351004e2badbd6411bf357ab8d5ac8"},
    {file = "pydantic_core-2.23.4-cp312-cp312-manylinux_2_17_ppc64le.manylinux2014_ppc64le.whl", hash = "sha256:d18ca8148bebe1b0a382a27a8ee60350091a6ddaf475fa05ef50dc35b5df6327"},
    {file = "pydantic_core-2.23.4-cp312-cp312-manylinux_2_17_s390x.manylinux2014_s390x.whl", hash = "sha256:33e3d65a85a2a4a0dc3b092b938a4062b1a05f3a9abde65ea93b233bca0e03f2"},
    {file = "pydantic_core-2.23.4-cp312-cp312-manylinux_2_17_x86_64.manylinux2014_x86_64.whl", hash = "sha256:128585782e5bfa515c590ccee4b727fb76925dd04a98864182b22e89a4e6ed36"},
    {file = "pydantic_core-2.23.4-cp312-cp312-manylinux_2_5_i686.manylinux1_i686.whl", hash = "sha256:68665f4c17edcceecc112dfed5dbe6f92261fb9d6054b47d01bf6371a6196126"},
    {file = "pydantic_core-2.23.4-cp312-cp312-musllinux_1_1_aarch64.whl", hash = "sha256:20152074317d9bed6b7a95ade3b7d6054845d70584216160860425f4fbd5ee9e"},
    {file = "pydantic_core-2.23.4-cp312-cp312-musllinux_1_1_x86_64.whl", hash = "sha256:9261d3ce84fa1d38ed649c3638feefeae23d32ba9182963e465d58d62203bd24"},
    {file = "pydantic_core-2.23.4-cp312-none-win32.whl", hash = "sha256:4ba762ed58e8d68657fc1281e9bb72e1c3e79cc5d464be146e260c541ec12d84"},
    {file = "pydantic_core-2.23.4-cp312-none-win_amd64.whl", hash = "sha256:97df63000f4fea395b2824da80e169731088656d1818a11b95f3b173747b6cd9"},
    {file = "pydantic_core-2.23.4-cp313-cp313-macosx_10_12_x86_64.whl", hash = "sha256:7530e201d10d7d14abce4fb54cfe5b94a0aefc87da539d0346a484ead376c3cc"},
    {file = "pydantic_core-2.23.4-cp313-cp313-macosx_11_0_arm64.whl", hash = "sha256:df933278128ea1cd77772673c73954e53a1c95a4fdf41eef97c2b779271bd0bd"},
    {file = "pydantic_core-2.23.4-cp313-cp313-manylinux_2_17_aarch64.manylinux2014_aarch64.whl", hash = "sha256:0cb3da3fd1b6a5d0279a01877713dbda118a2a4fc6f0d821a57da2e464793f05"},
    {file = "pydantic_core-2.23.4-cp313-cp313-manylinux_2_17_armv7l.manylinux2014_armv7l.whl", hash = "sha256:42c6dcb030aefb668a2b7009c85b27f90e51e6a3b4d5c9bc4c57631292015b0d"},
    {file = "pydantic_core-2.23.4-cp313-cp313-manylinux_2_17_ppc64le.manylinux2014_ppc64le.whl", hash = "sha256:696dd8d674d6ce621ab9d45b205df149399e4bb9aa34102c970b721554828510"},
    {file = "pydantic_core-2.23.4-cp313-cp313-manylinux_2_17_s390x.manylinux2014_s390x.whl", hash = "sha256:2971bb5ffe72cc0f555c13e19b23c85b654dd2a8f7ab493c262071377bfce9f6"},
    {file = "pydantic_core-2.23.4-cp313-cp313-manylinux_2_17_x86_64.manylinux2014_x86_64.whl", hash = "sha256:8394d940e5d400d04cad4f75c0598665cbb81aecefaca82ca85bd28264af7f9b"},
    {file = "pydantic_core-2.23.4-cp313-cp313-manylinux_2_5_i686.manylinux1_i686.whl", hash = "sha256:0dff76e0602ca7d4cdaacc1ac4c005e0ce0dcfe095d5b5259163a80d3a10d327"},
    {file = "pydantic_core-2.23.4-cp313-cp313-musllinux_1_1_aarch64.whl", hash = "sha256:7d32706badfe136888bdea71c0def994644e09fff0bfe47441deaed8e96fdbc6"},
    {file = "pydantic_core-2.23.4-cp313-cp313-musllinux_1_1_x86_64.whl", hash = "sha256:ed541d70698978a20eb63d8c5d72f2cc6d7079d9d90f6b50bad07826f1320f5f"},
    {file = "pydantic_core-2.23.4-cp313-none-win32.whl", hash = "sha256:3d5639516376dce1940ea36edf408c554475369f5da2abd45d44621cb616f769"},
    {file = "pydantic_core-2.23.4-cp313-none-win_amd64.whl", hash = "sha256:5a1504ad17ba4210df3a045132a7baeeba5a200e930f57512ee02909fc5c4cb5"},
    {file = "pydantic_core-2.23.4-cp38-cp38-macosx_10_12_x86_64.whl", hash = "sha256:d4488a93b071c04dc20f5cecc3631fc78b9789dd72483ba15d423b5b3689b555"},
    {file = "pydantic_core-2.23.4-cp38-cp38-macosx_11_0_arm64.whl", hash = "sha256:81965a16b675b35e1d09dd14df53f190f9129c0202356ed44ab2728b1c905658"},
    {file = "pydantic_core-2.23.4-cp38-cp38-manylinux_2_17_aarch64.manylinux2014_aarch64.whl", hash = "sha256:4ffa2ebd4c8530079140dd2d7f794a9d9a73cbb8e9d59ffe24c63436efa8f271"},
    {file = "pydantic_core-2.23.4-cp38-cp38-manylinux_2_17_armv7l.manylinux2014_armv7l.whl", hash = "sha256:61817945f2fe7d166e75fbfb28004034b48e44878177fc54d81688e7b85a3665"},
    {file = "pydantic_core-2.23.4-cp38-cp38-manylinux_2_17_ppc64le.manylinux2014_ppc64le.whl", hash = "sha256:29d2c342c4bc01b88402d60189f3df065fb0dda3654744d5a165a5288a657368"},
    {file = "pydantic_core-2.23.4-cp38-cp38-manylinux_2_17_s390x.manylinux2014_s390x.whl", hash = "sha256:5e11661ce0fd30a6790e8bcdf263b9ec5988e95e63cf901972107efc49218b13"},
    {file = "pydantic_core-2.23.4-cp38-cp38-manylinux_2_17_x86_64.manylinux2014_x86_64.whl", hash = "sha256:9d18368b137c6295db49ce7218b1a9ba15c5bc254c96d7c9f9e924a9bc7825ad"},
    {file = "pydantic_core-2.23.4-cp38-cp38-manylinux_2_5_i686.manylinux1_i686.whl", hash = "sha256:ec4e55f79b1c4ffb2eecd8a0cfba9955a2588497d96851f4c8f99aa4a1d39b12"},
    {file = "pydantic_core-2.23.4-cp38-cp38-musllinux_1_1_aarch64.whl", hash = "sha256:374a5e5049eda9e0a44c696c7ade3ff355f06b1fe0bb945ea3cac2bc336478a2"},
    {file = "pydantic_core-2.23.4-cp38-cp38-musllinux_1_1_x86_64.whl", hash = "sha256:5c364564d17da23db1106787675fc7af45f2f7b58b4173bfdd105564e132e6fb"},
    {file = "pydantic_core-2.23.4-cp38-none-win32.whl", hash = "sha256:d7a80d21d613eec45e3d41eb22f8f94ddc758a6c4720842dc74c0581f54993d6"},
    {file = "pydantic_core-2.23.4-cp38-none-win_amd64.whl", hash = "sha256:5f5ff8d839f4566a474a969508fe1c5e59c31c80d9e140566f9a37bba7b8d556"},
    {file = "pydantic_core-2.23.4-cp39-cp39-macosx_10_12_x86_64.whl", hash = "sha256:a4fa4fc04dff799089689f4fd502ce7d59de529fc2f40a2c8836886c03e0175a"},
    {file = "pydantic_core-2.23.4-cp39-cp39-macosx_11_0_arm64.whl", hash = "sha256:0a7df63886be5e270da67e0966cf4afbae86069501d35c8c1b3b6c168f42cb36"},
    {file = "pydantic_core-2.23.4-cp39-cp39-manylinux_2_17_aarch64.manylinux2014_aarch64.whl", hash = "sha256:dcedcd19a557e182628afa1d553c3895a9f825b936415d0dbd3cd0bbcfd29b4b"},
    {file = "pydantic_core-2.23.4-cp39-cp39-manylinux_2_17_armv7l.manylinux2014_armv7l.whl", hash = "sha256:5f54b118ce5de9ac21c363d9b3caa6c800341e8c47a508787e5868c6b79c9323"},
    {file = "pydantic_core-2.23.4-cp39-cp39-manylinux_2_17_ppc64le.manylinux2014_ppc64le.whl", hash = "sha256:86d2f57d3e1379a9525c5ab067b27dbb8a0642fb5d454e17a9ac434f9ce523e3"},
    {file = "pydantic_core-2.23.4-cp39-cp39-manylinux_2_17_s390x.manylinux2014_s390x.whl", hash = "sha256:de6d1d1b9e5101508cb37ab0d972357cac5235f5c6533d1071964c47139257df"},
    {file = "pydantic_core-2.23.4-cp39-cp39-manylinux_2_17_x86_64.manylinux2014_x86_64.whl", hash = "sha256:1278e0d324f6908e872730c9102b0112477a7f7cf88b308e4fc36ce1bdb6d58c"},
    {file = "pydantic_core-2.23.4-cp39-cp39-manylinux_2_5_i686.manylinux1_i686.whl", hash = "sha256:9a6b5099eeec78827553827f4c6b8615978bb4b6a88e5d9b93eddf8bb6790f55"},
    {file = "pydantic_core-2.23.4-cp39-cp39-musllinux_1_1_aarch64.whl", hash = "sha256:e55541f756f9b3ee346b840103f32779c695a19826a4c442b7954550a0972040"},
    {file = "pydantic_core-2.23.4-cp39-cp39-musllinux_1_1_x86_64.whl", hash = "sha256:a5c7ba8ffb6d6f8f2ab08743be203654bb1aaa8c9dcb09f82ddd34eadb695605"},
    {file = "pydantic_core-2.23.4-cp39-none-win32.whl", hash = "sha256:37b0fe330e4a58d3c58b24d91d1eb102aeec675a3db4c292ec3928ecd892a9a6"},
    {file = "pydantic_core-2.23.4-cp39-none-win_amd64.whl", hash = "sha256:1498bec4c05c9c787bde9125cfdcc63a41004ff167f495063191b863399b1a29"},
    {file = "pydantic_core-2.23.4-pp310-pypy310_pp73-macosx_10_12_x86_64.whl", hash = "sha256:f455ee30a9d61d3e1a15abd5068827773d6e4dc513e795f380cdd59932c782d5"},
    {file = "pydantic_core-2.23.4-pp310-pypy310_pp73-macosx_11_0_arm64.whl", hash = "sha256:1e90d2e3bd2c3863d48525d297cd143fe541be8bbf6f579504b9712cb6b643ec"},
    {file = "pydantic_core-2.23.4-pp310-pypy310_pp73-manylinux_2_17_aarch64.manylinux2014_aarch64.whl", hash = "sha256:2e203fdf807ac7e12ab59ca2bfcabb38c7cf0b33c41efeb00f8e5da1d86af480"},
    {file = "pydantic_core-2.23.4-pp310-pypy310_pp73-manylinux_2_17_x86_64.manylinux2014_x86_64.whl", hash = "sha256:e08277a400de01bc72436a0ccd02bdf596631411f592ad985dcee21445bd0068"},
    {file = "pydantic_core-2.23.4-pp310-pypy310_pp73-manylinux_2_5_i686.manylinux1_i686.whl", hash = "sha256:f220b0eea5965dec25480b6333c788fb72ce5f9129e8759ef876a1d805d00801"},
    {file = "pydantic_core-2.23.4-pp310-pypy310_pp73-musllinux_1_1_aarch64.whl", hash = "sha256:d06b0c8da4f16d1d1e352134427cb194a0a6e19ad5db9161bf32b2113409e728"},
    {file = "pydantic_core-2.23.4-pp310-pypy310_pp73-musllinux_1_1_x86_64.whl", hash = "sha256:ba1a0996f6c2773bd83e63f18914c1de3c9dd26d55f4ac302a7efe93fb8e7433"},
    {file = "pydantic_core-2.23.4-pp310-pypy310_pp73-win_amd64.whl", hash = "sha256:9a5bce9d23aac8f0cf0836ecfc033896aa8443b501c58d0602dbfd5bd5b37753"},
    {file = "pydantic_core-2.23.4-pp39-pypy39_pp73-macosx_10_12_x86_64.whl", hash = "sha256:78ddaaa81421a29574a682b3179d4cf9e6d405a09b99d93ddcf7e5239c742e21"},
    {file = "pydantic_core-2.23.4-pp39-pypy39_pp73-macosx_11_0_arm64.whl", hash = "sha256:883a91b5dd7d26492ff2f04f40fbb652de40fcc0afe07e8129e8ae779c2110eb"},
    {file = "pydantic_core-2.23.4-pp39-pypy39_pp73-manylinux_2_17_aarch64.manylinux2014_aarch64.whl", hash = "sha256:88ad334a15b32a791ea935af224b9de1bf99bcd62fabf745d5f3442199d86d59"},
    {file = "pydantic_core-2.23.4-pp39-pypy39_pp73-manylinux_2_17_x86_64.manylinux2014_x86_64.whl", hash = "sha256:233710f069d251feb12a56da21e14cca67994eab08362207785cf8c598e74577"},
    {file = "pydantic_core-2.23.4-pp39-pypy39_pp73-manylinux_2_5_i686.manylinux1_i686.whl", hash = "sha256:19442362866a753485ba5e4be408964644dd6a09123d9416c54cd49171f50744"},
    {file = "pydantic_core-2.23.4-pp39-pypy39_pp73-musllinux_1_1_aarch64.whl", hash = "sha256:624e278a7d29b6445e4e813af92af37820fafb6dcc55c012c834f9e26f9aaaef"},
    {file = "pydantic_core-2.23.4-pp39-pypy39_pp73-musllinux_1_1_x86_64.whl", hash = "sha256:f5ef8f42bec47f21d07668a043f077d507e5bf4e668d5c6dfe6aaba89de1a5b8"},
    {file = "pydantic_core-2.23.4-pp39-pypy39_pp73-win_amd64.whl", hash = "sha256:aea443fffa9fbe3af1a9ba721a87f926fe548d32cab71d188a6ede77d0ff244e"},
    {file = "pydantic_core-2.23.4.tar.gz", hash = "sha256:2584f7cf844ac4d970fba483a717dbe10c1c1c96a969bf65d61ffe94df1b2863"},
]

[package.dependencies]
typing-extensions = ">=4.6.0,<4.7.0 || >4.7.0"

[[package]]
name = "python-dotenv"
version = "1.0.1"
description = "Read key-value pairs from a .env file and set them as environment variables"
optional = false
python-versions = ">=3.8"
files = [
    {file = "python-dotenv-1.0.1.tar.gz", hash = "sha256:e324ee90a023d808f1959c46bcbc04446a10ced277783dc6ee09987c37ec10ca"},
    {file = "python_dotenv-1.0.1-py3-none-any.whl", hash = "sha256:f7b63ef50f1b690dddf550d03497b66d609393b40b564ed0d674909a68ebf16a"},
]

[package.extras]
cli = ["click (>=5.0)"]

[[package]]
name = "python-http-client"
version = "3.3.7"
description = "HTTP REST client, simplified for Python"
optional = false
python-versions = ">=2.7, !=3.0.*, !=3.1.*, !=3.2.*, !=3.3.*"
files = [
    {file = "python_http_client-3.3.7-py3-none-any.whl", hash = "sha256:ad371d2bbedc6ea15c26179c6222a78bc9308d272435ddf1d5c84f068f249a36"},
    {file = "python_http_client-3.3.7.tar.gz", hash = "sha256:bf841ee45262747e00dec7ee9971dfb8c7d83083f5713596488d67739170cea0"},
]

[[package]]
name = "restack-ai"
version = "0.0.41"
description = "Restack AI library"
optional = false
python-versions = "^3.9"
files = []
develop = false

[package.dependencies]
asyncio = "^3.4.3"
colorama = "^0.4.6"
python-dotenv = "^1.0.1"
temporalio = "1.8.0"

[package.source]
type = "directory"
url = "../../restack/libraries/python"

[[package]]
name = "sendgrid"
version = "6.11.0"
description = "Twilio SendGrid library for Python"
optional = false
python-versions = ">=2.7, !=3.0.*, !=3.1.*, !=3.2.*, !=3.3.*, !=3.4.*"
files = [
    {file = "sendgrid-6.11.0-py3-none-any.whl", hash = "sha256:43ecf5bb742ea5850c7cfe68f5e7d9948772352306d4e83e119899959538b884"},
    {file = "sendgrid-6.11.0.tar.gz", hash = "sha256:71424b2a97f5a034121ea3b2666c653ba0ed315982f0d57b7851c0c9503dc5ab"},
]

[package.dependencies]
python-http-client = ">=3.2.1"
starkbank-ecdsa = ">=2.0.1"

[[package]]
name = "sniffio"
version = "1.3.1"
description = "Sniff out which async library your code is running under"
optional = false
python-versions = ">=3.7"
files = [
    {file = "sniffio-1.3.1-py3-none-any.whl", hash = "sha256:2f6da418d1f1e0fddd844478f41680e794e6051915791a034ff65e5f100525a2"},
    {file = "sniffio-1.3.1.tar.gz", hash = "sha256:f4324edc670a0f49750a81b895f35c3adb843cca46f0530f79fc1babb23789dc"},
]

[[package]]
name = "starkbank-ecdsa"
version = "2.2.0"
description = "A lightweight and fast pure python ECDSA library"
optional = false
python-versions = "*"
files = [
    {file = "starkbank-ecdsa-2.2.0.tar.gz", hash = "sha256:9399c3371b899d4a235b68a1ed7919d202fbf024bd2c863ae8ebdad343c2a63a"},
]

[[package]]
name = "temporalio"
version = "1.8.0"
description = "Temporal.io Python SDK"
optional = false
python-versions = "<4.0,>=3.8"
files = [
    {file = "temporalio-1.8.0-cp38-abi3-macosx_10_9_x86_64.whl", hash = "sha256:c6acb217d4bd7297389db756dd9da73ef2bae17f6afee1faa8bf77be200e8b93"},
    {file = "temporalio-1.8.0-cp38-abi3-macosx_11_0_arm64.whl", hash = "sha256:6ec61660631b2513ce710b468068135280996af105571126295c9645bf29ee22"},
    {file = "temporalio-1.8.0-cp38-abi3-manylinux2014_aarch64.manylinux_2_17_aarch64.whl", hash = "sha256:4ee13d155dc917e7792b87d1e37b1a0e837c361deb722ccc294edaa5344f2fa2"},
    {file = "temporalio-1.8.0-cp38-abi3-manylinux2014_x86_64.manylinux_2_17_x86_64.whl", hash = "sha256:6b67c115b6eaceddae373dc2c597e5ad5dd567282f4bb0ee63c99124f5f0c12d"},
    {file = "temporalio-1.8.0-cp38-abi3-win_amd64.whl", hash = "sha256:6a45571c09859b6cbf33be26dd5d5fab7e7ee3625750a7b91ebde5770e61015b"},
    {file = "temporalio-1.8.0.tar.gz", hash = "sha256:b9e239b8bfd60126a4b591c6e2e691392b69afc8cac9db452d692654bf85f9cc"},
]

[package.dependencies]
protobuf = ">=3.20"
types-protobuf = ">=3.20"
typing-extensions = ">=4.2.0,<5.0.0"

[package.extras]
grpc = ["grpcio (>=1.59.0,<2.0.0)"]
opentelemetry = ["opentelemetry-api (>=1.11.1,<2.0.0)", "opentelemetry-sdk (>=1.11.1,<2.0.0)"]

[[package]]
name = "tqdm"
version = "4.67.1"
description = "Fast, Extensible Progress Meter"
optional = false
python-versions = ">=3.7"
files = [
    {file = "tqdm-4.67.1-py3-none-any.whl", hash = "sha256:26445eca388f82e72884e0d580d5464cd801a3ea01e63e5601bdff9ba6a48de2"},
    {file = "tqdm-4.67.1.tar.gz", hash = "sha256:f8aef9c52c08c13a65f30ea34f4e5aac3fd1a34959879d7e59e63027286627f2"},
]

[package.dependencies]
colorama = {version = "*", markers = "platform_system == \"Windows\""}

[package.extras]
dev = ["nbval", "pytest (>=6)", "pytest-asyncio (>=0.24)", "pytest-cov", "pytest-timeout"]
discord = ["requests"]
notebook = ["ipywidgets (>=6)"]
slack = ["slack-sdk"]
telegram = ["requests"]

[[package]]
name = "types-protobuf"
version = "5.28.3.20241203"
description = "Typing stubs for protobuf"
optional = false
python-versions = ">=3.8"
files = [
    {file = "types_protobuf-5.28.3.20241203-py3-none-any.whl", hash = "sha256:5367632a4785394b0504e7c1e4d54a2dceeae9cd4f73a705d0f6499fc99cecb1"},
    {file = "types_protobuf-5.28.3.20241203.tar.gz", hash = "sha256:2e1c962bdf76c576506b5fc0678d28efa6652a54c04ae46562a6209e777bd789"},
]

[[package]]
name = "typing-extensions"
version = "4.12.2"
description = "Backported and Experimental Type Hints for Python 3.8+"
optional = false
python-versions = ">=3.8"
files = [
    {file = "typing_extensions-4.12.2-py3-none-any.whl", hash = "sha256:04e5ca0351e0f3f85c6853954072df659d0d13fac324d0072316b67d7794700d"},
    {file = "typing_extensions-4.12.2.tar.gz", hash = "sha256:1a7ead55c7e559dd4dee8856e3a88b41225abfe1ce8df57b7c13915fe121ffb8"},
]

[metadata]
lock-version = "2.0"
python-versions = "3.12.7"
content-hash = "86849c9f7ed8b04a339b42f5472f0c2c5e976fde6e17f5ceae35ec1e77b8c2ea"
